
Microsoft Visual Studio Solution File, Format Version 12.00
# Visual Studio Version 16
VisualStudioVersion = 16.0.32802.440
MinimumVisualStudioVersion = 10.0.40219.1
Project("{FAE04EC0-301F-11D3-BF4B-00C04F79EFBC}") = "Lab7.SyndicationServiceLibrary", "Lab7.SyndicationServiceLibrary\Lab7.SyndicationServiceLibrary.csproj", "{4011F820-BFBB-4D68-9F58-3ED40B95C7A5}"
EndProject
Project("{FAE04EC0-301F-11D3-BF4B-00C04F79EFBC}") = "Lab7.SyndicationHost", "Lab7.SyndicationHost\Lab7.SyndicationHost.csproj", "{2A06093F-F913-4AC6-A5EA-263DABB6B702}"
EndProject
Project("{FAE04EC0-301F-11D3-BF4B-00C04F79EFBC}") = "Lab7.SyndicationClient", "Lab7.SyndicationClient\Lab7.SyndicationClient.csproj", "{37CEAE5F-E0AF-4325-914A-8DB6BA667F1A}"
EndProject
Global
	GlobalSection(SolutionConfigurationPlatforms) = preSolution
		Debug|Any CPU = Debug|Any CPU
		Release|Any CPU = Release|Any CPU
	EndGlobalSection
	GlobalSection(ProjectConfigurationPlatforms) = postSolution
		{4011F820-BFBB-4D68-9F58-3ED40B95C7A5}.Debug|Any CPU.ActiveCfg = Debug|Any CPU
		{4011F820-BFBB-4D68-9F58-3ED40B95C7A5}.Debug|Any CPU.Build.0 = Debug|Any CPU
		{4011F820-BFBB-4D68-9F58-3ED40B95C7A5}.Release|Any CPU.ActiveCfg = Release|Any CPU
		{4011F820-BFBB-4D68-9F58-3ED40B95C7A5}.Release|Any CPU.Build.0 = Release|Any CPU
		{2A06093F-F913-4AC6-A5EA-263DABB6B702}.Debug|Any CPU.ActiveCfg = Debug|Any CPU
		{2A06093F-F913-4AC6-A5EA-263DABB6B702}.Debug|Any CPU.Build.0 = Debug|Any CPU
		{2A06093F-F913-4AC6-A5EA-263DABB6B702}.Release|Any CPU.ActiveCfg = Release|Any CPU
		{2A06093F-F913-4AC6-A5EA-263DABB6B702}.Release|Any CPU.Build.0 = Release|Any CPU
		{37CEAE5F-E0AF-4325-914A-8DB6BA667F1A}.Debug|Any CPU.ActiveCfg = Debug|Any CPU
		{37CEAE5F-E0AF-4325-914A-8DB6BA667F1A}.Debug|Any CPU.Build.0 = Debug|Any CPU
		{37CEAE5F-E0AF-4325-914A-8DB6BA667F1A}.Release|Any CPU.ActiveCfg = Release|Any CPU
		{37CEAE5F-E0AF-4325-914A-8DB6BA667F1A}.Release|Any CPU.Build.0 = Release|Any CPU
	EndGlobalSection
	GlobalSection(SolutionProperties) = preSolution
		HideSolutionNode = FALSE
	EndGlobalSection
	GlobalSection(ExtensibilityGlobals) = postSolution
		SolutionGuid = {F2B06120-81C4-43DE-B5EE-4A2DFDD99F7B}
	EndGlobalSection
EndGlobal
